
Microsoft Visual Studio Solution File, Format Version 12.00
# Visual Studio Version 17
VisualStudioVersion = 17.2.32602.215
MinimumVisualStudioVersion = 10.0.40219.1
Project("{9A19103F-16F7-4668-BE54-9A1E7A4F7556}") = "wapp_dolcicerqueira", "wapp_dolcicerqueira\wapp_dolcicerqueira.csproj", "{1D46789B-23AB-4979-B6AE-C439F335EACF}"
EndProject
Project("{9A19103F-16F7-4668-BE54-9A1E7A4F7556}") = "wapp_dolcicerqueira.Domain", "Domain\wapp_dolcicerqueira.Domain.csproj", "{A8BAE340-0437-49E4-91C6-2EA74FCBF3A4}"
EndProject
Project("{9A19103F-16F7-4668-BE54-9A1E7A4F7556}") = "wapp_dolcicerqueira.Repositories", "wapp_dolcicerqueira.Repositories\wapp_dolcicerqueira.Repositories.csproj", "{C5995F51-74B1-40D5-9F4D-53B3B0B83BB2}"
EndProject
Project("{FAE04EC0-301F-11D3-BF4B-00C04F79EFBC}") = "wapp_dolcicerqueira.Services", "wapp_dolcicerqueira.Services\wapp_dolcicerqueira.Services.csproj", "{381869AE-2203-4AB2-8710-17BB337F48A8}"
EndProject
Global
	GlobalSection(SolutionConfigurationPlatforms) = preSolution
		Debug|Any CPU = Debug|Any CPU
		Release|Any CPU = Release|Any CPU
	EndGlobalSection
	GlobalSection(ProjectConfigurationPlatforms) = postSolution
		{1D46789B-23AB-4979-B6AE-C439F335EACF}.Debug|Any CPU.ActiveCfg = Debug|Any CPU
		{1D46789B-23AB-4979-B6AE-C439F335EACF}.Debug|Any CPU.Build.0 = Debug|Any CPU
		{1D46789B-23AB-4979-B6AE-C439F335EACF}.Release|Any CPU.ActiveCfg = Release|Any CPU
		{1D46789B-23AB-4979-B6AE-C439F335EACF}.Release|Any CPU.Build.0 = Release|Any CPU
		{A8BAE340-0437-49E4-91C6-2EA74FCBF3A4}.Debug|Any CPU.ActiveCfg = Debug|Any CPU
		{A8BAE340-0437-49E4-91C6-2EA74FCBF3A4}.Debug|Any CPU.Build.0 = Debug|Any CPU
		{A8BAE340-0437-49E4-91C6-2EA74FCBF3A4}.Release|Any CPU.ActiveCfg = Release|Any CPU
		{A8BAE340-0437-49E4-91C6-2EA74FCBF3A4}.Release|Any CPU.Build.0 = Release|Any CPU
		{C5995F51-74B1-40D5-9F4D-53B3B0B83BB2}.Debug|Any CPU.ActiveCfg = Debug|Any CPU
		{C5995F51-74B1-40D5-9F4D-53B3B0B83BB2}.Debug|Any CPU.Build.0 = Debug|Any CPU
		{C5995F51-74B1-40D5-9F4D-53B3B0B83BB2}.Release|Any CPU.ActiveCfg = Release|Any CPU
		{C5995F51-74B1-40D5-9F4D-53B3B0B83BB2}.Release|Any CPU.Build.0 = Release|Any CPU
		{381869AE-2203-4AB2-8710-17BB337F48A8}.Debug|Any CPU.ActiveCfg = Debug|Any CPU
		{381869AE-2203-4AB2-8710-17BB337F48A8}.Debug|Any CPU.Build.0 = Debug|Any CPU
		{381869AE-2203-4AB2-8710-17BB337F48A8}.Release|Any CPU.ActiveCfg = Release|Any CPU
		{381869AE-2203-4AB2-8710-17BB337F48A8}.Release|Any CPU.Build.0 = Release|Any CPU
	EndGlobalSection
	GlobalSection(SolutionProperties) = preSolution
		HideSolutionNode = FALSE
	EndGlobalSection
	GlobalSection(ExtensibilityGlobals) = postSolution
		SolutionGuid = {032448FB-B436-4788-8B80-6A460CE12BE2}
	EndGlobalSection
EndGlobal
